
Microsoft Visual Studio Solution File, Format Version 12.00
# Visual Studio Version 17
VisualStudioVersion = 17.14.36603.0 d17.14
MinimumVisualStudioVersion = 10.0.40219.1
Project("{FAE04EC0-301F-11D3-BF4B-00C04F79EFBC}") = "EmployeeManagement", "EmployeeManagement\EmployeeManagement.csproj", "{EE6875C5-154F-4557-AB71-5B2BB9ABF55A}"
EndProject
Global
	GlobalSection(SolutionConfigurationPlatforms) = preSolution
		Debug|Any CPU = Debug|Any CPU
		Release|Any CPU = Release|Any CPU
	EndGlobalSection
	GlobalSection(ProjectConfigurationPlatforms) = postSolution
		{EE6875C5-154F-4557-AB71-5B2BB9ABF55A}.Debug|Any CPU.ActiveCfg = Debug|Any CPU
		{EE6875C5-154F-4557-AB71-5B2BB9ABF55A}.Debug|Any CPU.Build.0 = Debug|Any CPU
		{EE6875C5-154F-4557-AB71-5B2BB9ABF55A}.Release|Any CPU.ActiveCfg = Release|Any CPU
		{EE6875C5-154F-4557-AB71-5B2BB9ABF55A}.Release|Any CPU.Build.0 = Release|Any CPU
	EndGlobalSection
	GlobalSection(SolutionProperties) = preSolution
		HideSolutionNode = FALSE
	EndGlobalSection
	GlobalSection(ExtensibilityGlobals) = postSolution
		SolutionGuid = {806F3B9E-7CE5-44DD-AD51-835535D50F45}
	EndGlobalSection
EndGlobal
